version = 1
requires-python = ">=3.9"

[[package]]
name = "polars"
version = "1.24.0"
source = { registry = "https://pypi.org/simple" }
sdist = { url = "https://files.pythonhosted.org/packages/bf/d3/453bcecbe14a5aba6be47c99d81f4e1f941d3de729d5e0ce5c7d527c05ed/polars-1.24.0.tar.gz", hash = "sha256:6e7553789495081c998f5e4ad4ebc7e19e970a9cc83326d40461564e85ad226d", size = 4446066 }
wheels = [
    { url = "https://files.pythonhosted.org/packages/a9/3f/16f87d9ec4707d717a434bc54307506594522de99fdfe3d5d76233912c94/polars-1.24.0-cp39-abi3-macosx_10_12_x86_64.whl", hash = "sha256:563b99a6597fe77a3c89d478e4a6fb49c063f44ef84d4adefe490e14626e2f99", size = 33792674 },
    { url = "https://files.pythonhosted.org/packages/35/cd/27353d0b9331d60a95f5708370441348d4a3af0f609961ceaaa3b583190f/polars-1.24.0-cp39-abi3-macosx_11_0_arm64.whl", hash = "sha256:6ad64d938d60b7fda39b60892ef67bc6a9942e0c7170db593a65d019e8730b09", size = 30469541 },
    { url = "https://files.pythonhosted.org/packages/a7/db/668d8328b1c3d8381023fc4ed905a88b93cca041c088f42a94dbd6822469/polars-1.24.0-cp39-abi3-manylinux_2_17_x86_64.manylinux2014_x86_64.whl", hash = "sha256:331e737465b8d954bec51e6906bdc6e979a6ee52f97ffe5e8d0c10794a46bfd9", size = 34313540 },
    { url = "https://files.pythonhosted.org/packages/12/16/f95207616b2e802c381459cf01f0d233daa98bdc4e394ec88044af9e927f/polars-1.24.0-cp39-abi3-manylinux_2_24_aarch64.whl", hash = "sha256:3c6c774aebdd5cd601839594986648789352f72b8893f4b7e34224e75b060c8d", size = 31490266 },
    { url = "https://files.pythonhosted.org/packages/8b/82/cb0512747ec5508a4f840a521feb27f28a81eac1aef6c92fc25643073579/polars-1.24.0-cp39-abi3-win_amd64.whl", hash = "sha256:a5a473ff44fe1b9e3e7a9013a9321efe841d858e89cf33d424e6f3fef3ea4d5e", size = 34678593 },
    { url = "https://files.pythonhosted.org/packages/67/00/db3810803938467a215c1f161ff21ad6fef581d5ac1381ee2990d0180c19/polars-1.24.0-cp39-abi3-win_arm64.whl", hash = "sha256:5ea781ca8e0a39c3b677171dbd852e5fa2d5c53417b5fbd69d711b6044a49eaa", size = 30892251 },
]

[[package]]
name = "xocto-benchmarks-data"
version = "0.1.0"
source = { virtual = "." }
dependencies = [
    { name = "polars" },
]

[package.metadata]
requires-dist = [{ name = "polars", specifier = ">=1.24.0" }]
